
Microsoft Visual Studio Solution File, Format Version 12.00
# Visual Studio 2013
VisualStudioVersion = 12.0.21005.1
MinimumVisualStudioVersion = 10.0.40219.1
Project("{8BC9CEB8-8B4A-11D0-8D11-00A0C91BC942}") = "ExampleATSHA204", "ExampleATSHA204\ExampleATSHA204.vcxproj", "{57C115F1-D155-439B-AE20-5DBBCC60F90D}"
EndProject
Project("{2150E333-8FDC-42A3-9474-1A3956D46DE8}") = "Solution Items", "Solution Items", "{F03BAAA1-B74E-4D57-97D5-F0F424B60633}"
	ProjectSection(SolutionItems) = preProject
		README.md = README.md
	EndProjectSection
EndProject
Project("{8BC9CEB8-8B4A-11D0-8D11-00A0C91BC942}") = "ATSHA204I2C", "ATSHA204I2C\ATSHA204I2C.vcxproj", "{79490F9A-0669-443D-B6E0-A4782262DD89}"
EndProject
Project("{8BC9CEB8-8B4A-11D0-8D11-00A0C91BC942}") = "ATSHA204", "ATSHA204\ATSHA204.vcxproj", "{CF900096-1D50-4E98-9461-9D7F34419C4B}"
EndProject
Global
	GlobalSection(SolutionConfigurationPlatforms) = preSolution
		Debug|Win32 = Debug|Win32
		Release|Win32 = Release|Win32
	EndGlobalSection
	GlobalSection(ProjectConfigurationPlatforms) = postSolution
		{57C115F1-D155-439B-AE20-5DBBCC60F90D}.Debug|Win32.ActiveCfg = Debug|Win32
		{57C115F1-D155-439B-AE20-5DBBCC60F90D}.Debug|Win32.Build.0 = Debug|Win32
		{57C115F1-D155-439B-AE20-5DBBCC60F90D}.Release|Win32.ActiveCfg = Release|Win32
		{57C115F1-D155-439B-AE20-5DBBCC60F90D}.Release|Win32.Build.0 = Release|Win32
		{79490F9A-0669-443D-B6E0-A4782262DD89}.Debug|Win32.ActiveCfg = Debug|Win32
		{79490F9A-0669-443D-B6E0-A4782262DD89}.Debug|Win32.Build.0 = Debug|Win32
		{79490F9A-0669-443D-B6E0-A4782262DD89}.Release|Win32.ActiveCfg = Release|Win32
		{79490F9A-0669-443D-B6E0-A4782262DD89}.Release|Win32.Build.0 = Release|Win32
		{CF900096-1D50-4E98-9461-9D7F34419C4B}.Debug|Win32.ActiveCfg = Debug|Win32
		{CF900096-1D50-4E98-9461-9D7F34419C4B}.Debug|Win32.Build.0 = Debug|Win32
		{CF900096-1D50-4E98-9461-9D7F34419C4B}.Release|Win32.ActiveCfg = Release|Win32
		{CF900096-1D50-4E98-9461-9D7F34419C4B}.Release|Win32.Build.0 = Release|Win32
	EndGlobalSection
	GlobalSection(SolutionProperties) = preSolution
		HideSolutionNode = FALSE
	EndGlobalSection
EndGlobal
